// !$*UTF8*$!
{
	archiveVersion = 1;
	classes = {
	};
	objectVersion = 46;
	objects = {

/* Begin PBXBuildFile section */
		1A126EEC1DB28759000A9EF3 /* AppDelegate.swift in Sources */ = {isa = PBXBuildFile; fileRef = 1A126EEB1DB28759000A9EF3 /* AppDelegate.swift */; };
		1A126EEE1DB28759000A9EF3 /* ViewController.swift in Sources */ = {isa = PBXBuildFile; fileRef = 1A126EED1DB28759000A9EF3 /* ViewController.swift */; };
		1A126EF11DB28759000A9EF3 /* Main.storyboard in Resources */ = {isa = PBXBuildFile; fileRef = 1A126EEF1DB28759000A9EF3 /* Main.storyboard */; };
		1A126EF31DB28759000A9EF3 /* Assets.xcassets in Resources */ = {isa = PBXBuildFile; fileRef = 1A126EF21DB28759000A9EF3 /* Assets.xcassets */; };
		1A126EF61DB28759000A9EF3 /* LaunchScreen.storyboard in Resources */ = {isa = PBXBuildFile; fileRef = 1A126EF41DB28759000A9EF3 /* LaunchScreen.storyboard */; };
		1A126EFE1DB29D36000A9EF3 /* vistaCreaTuPizza.swift in Sources */ = {isa = PBXBuildFile; fileRef = 1A126EFD1DB29D36000A9EF3 /* vistaCreaTuPizza.swift */; };
		1A126F001DB2A443000A9EF3 /* OpcionesParea.swift in Sources */ = {isa = PBXBuildFile; fileRef = 1A126EFF1DB2A443000A9EF3 /* OpcionesParea.swift */; };
		1A126F021DB2AE61000A9EF3 /* vistaSeleccionaQueso.swift in Sources */ = {isa = PBXBuildFile; fileRef = 1A126F011DB2AE61000A9EF3 /* vistaSeleccionaQueso.swift */; };
		1A126F041DB2AE96000A9EF3 /* vistaTipoMasa.swift in Sources */ = {isa = PBXBuildFile; fileRef = 1A126F031DB2AE96000A9EF3 /* vistaTipoMasa.swift */; };
		1A126F061DB2AEBE000A9EF3 /* vistaSeleccionaIngrediente.swift in Sources */ = {isa = PBXBuildFile; fileRef = 1A126F051DB2AEBE000A9EF3 /* vistaSeleccionaIngrediente.swift */; };
/* End PBXBuildFile section */

/* Begin PBXFileReference section */
		1A126EE81DB28759000A9EF3 /* CreaTuPizza.app */ = {isa = PBXFileReference; explicitFileType = wrapper.application; includeInIndex = 0; path = CreaTuPizza.app; sourceTree = BUILT_PRODUCTS_DIR; };
		1A126EEB1DB28759000A9EF3 /* AppDelegate.swift */ = {isa = PBXFileReference; lastKnownFileType = sourcecode.swift; path = AppDelegate.swift; sourceTree = "<group>"; };
		1A126EED1DB28759000A9EF3 /* ViewController.swift */ = {isa = PBXFileReference; lastKnownFileType = sourcecode.swift; path = ViewController.swift; sourceTree = "<group>"; };
		1A126EF01DB28759000A9EF3 /* Base */ = {isa = PBXFileReference; lastKnownFileType = file.storyboard; name = Base; path = Base.lproj/Main.storyboard; sourceTree = "<group>"; };
		1A126EF21DB28759000A9EF3 /* Assets.xcassets */ = {isa = PBXFileReference; lastKnownFileType = folder.assetcatalog; path = Assets.xcassets; sourceTree = "<group>"; };
		1A126EF51DB28759000A9EF3 /* Base */ = {isa = PBXFileReference; lastKnownFileType = file.storyboard; name = Base; path = Base.lproj/LaunchScreen.storyboard; sourceTree = "<group>"; };
		1A126EF71DB28759000A9EF3 /* Info.plist */ = {isa = PBXFileReference; lastKnownFileType = text.plist.xml; path = Info.plist; sourceTree = "<group>"; };
		1A126EFD1DB29D36000A9EF3 /* vistaCreaTuPizza.swift */ = {isa = PBXFileReference; fileEncoding = 4; lastKnownFileType = sourcecode.swift; path = vistaCreaTuPizza.swift; sourceTree = "<group>"; };
		1A126EFF1DB2A443000A9EF3 /* OpcionesParea.swift */ = {isa = PBXFileReference; fileEncoding = 4; lastKnownFileType = sourcecode.swift; path = OpcionesParea.swift; sourceTree = "<group>"; };
		1A126F011DB2AE61000A9EF3 /* vistaSeleccionaQueso.swift */ = {isa = PBXFileReference; fileEncoding = 4; lastKnownFileType = sourcecode.swift; path = vistaSeleccionaQueso.swift; sourceTree = "<group>"; };
		1A126F031DB2AE96000A9EF3 /* vistaTipoMasa.swift */ = {isa = PBXFileReference; fileEncoding = 4; lastKnownFileType = sourcecode.swift; path = vistaTipoMasa.swift; sourceTree = "<group>"; };
		1A126F051DB2AEBE000A9EF3 /* vistaSeleccionaIngrediente.swift */ = {isa = PBXFileReference; fileEncoding = 4; lastKnownFileType = sourcecode.swift; path = vistaSeleccionaIngrediente.swift; sourceTree = "<group>"; };
/* End PBXFileReference section */

/* Begin PBXFrameworksBuildPhase section */
		1A126EE51DB28758000A9EF3 /* Frameworks */ = {
			isa = PBXFrameworksBuildPhase;
			buildActionMask = 2147483647;
			files = (
			);
			runOnlyForDeploymentPostprocessing = 0;
		};
/* End PBXFrameworksBuildPhase section */

/* Begin PBXGroup section */
		1A126EDF1DB28758000A9EF3 = {
			isa = PBXGroup;
			children = (
				1A126EEA1DB28759000A9EF3 /* CreaTuPizza */,
				1A126EE91DB28759000A9EF3 /* Products */,
			);
			sourceTree = "<group>";
		};
		1A126EE91DB28759000A9EF3 /* Products */ = {
			isa = PBXGroup;
			children = (
				1A126EE81DB28759000A9EF3 /* CreaTuPizza.app */,
			);
			name = Products;
			sourceTree = "<group>";
		};
		1A126EEA1DB28759000A9EF3 /* CreaTuPizza */ = {
			isa = PBXGroup;
			children = (
				1A126EEB1DB28759000A9EF3 /* AppDelegate.swift */,
				1A126EED1DB28759000A9EF3 /* ViewController.swift */,
				1A126EEF1DB28759000A9EF3 /* Main.storyboard */,
				1A126EFF1DB2A443000A9EF3 /* OpcionesParea.swift */,
				1A126F011DB2AE61000A9EF3 /* vistaSeleccionaQueso.swift */,
				1A126F031DB2AE96000A9EF3 /* vistaTipoMasa.swift */,
				1A126F051DB2AEBE000A9EF3 /* vistaSeleccionaIngrediente.swift */,
				1A126EFD1DB29D36000A9EF3 /* vistaCreaTuPizza.swift */,
				1A126EF21DB28759000A9EF3 /* Assets.xcassets */,
				1A126EF41DB28759000A9EF3 /* LaunchScreen.storyboard */,
				1A126EF71DB28759000A9EF3 /* Info.plist */,
			);
			path = CreaTuPizza;
			sourceTree = "<group>";
		};
/* End PBXGroup section */

/* Begin PBXNativeTarget section */
		1A126EE71DB28758000A9EF3 /* CreaTuPizza */ = {
			isa = PBXNativeTarget;
			buildConfigurationList = 1A126EFA1DB28759000A9EF3 /* Build configuration list for PBXNativeTarget "CreaTuPizza" */;
			buildPhases = (
				1A126EE41DB28758000A9EF3 /* Sources */,
				1A126EE51DB28758000A9EF3 /* Frameworks */,
				1A126EE61DB28758000A9EF3 /* Resources */,
			);
			buildRules = (
			);
			dependencies = (
			);
			name = CreaTuPizza;
			productName = CreaTuPizza;
			productReference = 1A126EE81DB28759000A9EF3 /* CreaTuPizza.app */;
			productType = "com.apple.product-type.application";
		};
/* End PBXNativeTarget section */

/* Begin PBXProject section */
		1A126EE01DB28758000A9EF3 /* Project object */ = {
			isa = PBXProject;
			attributes = {
				LastSwiftUpdateCheck = 0800;
				LastUpgradeCheck = 0800;
				ORGANIZATIONNAME = "Valeria Flores";
				TargetAttributes = {
					1A126EE71DB28758000A9EF3 = {
						CreatedOnToolsVersion = 8.0;
						ProvisioningStyle = Automatic;
					};
				};
			};
			buildConfigurationList = 1A126EE31DB28758000A9EF3 /* Build configuration list for PBXProject "CreaTuPizza" */;
			compatibilityVersion = "Xcode 3.2";
			developmentRegion = English;
			hasScannedForEncodings = 0;
			knownRegions = (
				en,
				Base,
			);
			mainGroup = 1A126EDF1DB28758000A9EF3;
			productRefGroup = 1A126EE91DB28759000A9EF3 /* Products */;
			projectDirPath = "";
			projectRoot = "";
			targets = (
				1A126EE71DB28758000A9EF3 /* CreaTuPizza */,
			);
		};
/* End PBXProject section */

/* Begin PBXResourcesBuildPhase section */
		1A126EE61DB28758000A9EF3 /* Resources */ = {
			isa = PBXResourcesBuildPhase;
			buildActionMask = 2147483647;
			files = (
				1A126EF61DB28759000A9EF3 /* LaunchScreen.storyboard in Resources */,
				1A126EF31DB28759000A9EF3 /* Assets.xcassets in Resources */,
				1A126EF11DB28759000A9EF3 /* Main.storyboard in Resources */,
			);
			runOnlyForDeploymentPostprocessing = 0;
		};
/* End PBXResourcesBuildPhase section */

/* Begin PBXSourcesBuildPhase section */
		1A126EE41DB28758000A9EF3 /* Sources */ = {
			isa = PBXSourcesBuildPhase;
			buildActionMask = 2147483647;
			files = (
				1A126EFE1DB29D36000A9EF3 /* vistaCreaTuPizza.swift in Sources */,
				1A126F041DB2AE96000A9EF3 /* vistaTipoMasa.swift in Sources */,
				1A126EEE1DB28759000A9EF3 /* ViewController.swift in Sources */,
				1A126EEC1DB28759000A9EF3 /* AppDelegate.swift in Sources */,
				1A126F061DB2AEBE000A9EF3 /* vistaSeleccionaIngrediente.swift in Sources */,
				1A126F021DB2AE61000A9EF3 /* vistaSeleccionaQueso.swift in Sources */,
				1A126F001DB2A443000A9EF3 /* OpcionesParea.swift in Sources */,
			);
			runOnlyForDeploymentPostprocessing = 0;
		};
/* End PBXSourcesBuildPhase section */

/* Begin PBXVariantGroup section */
		1A126EEF1DB28759000A9EF3 /* Main.storyboard */ = {
			isa = PBXVariantGroup;
			children = (
				1A126EF01DB28759000A9EF3 /* Base */,
			);
			name = Main.storyboard;
			sourceTree = "<group>";
		};
		1A126EF41DB28759000A9EF3 /* LaunchScreen.storyboard */ = {
			isa = PBXVariantGroup;
			children = (
				1A126EF51DB28759000A9EF3 /* Base */,
			);
			name = LaunchScreen.storyboard;
			sourceTree = "<group>";
		};
/* End PBXVariantGroup section */

/* Begin XCBuildConfiguration section */
		1A126EF81DB28759000A9EF3 /* Debug */ = {
			isa = XCBuildConfiguration;
			buildSettings = {
				ALWAYS_SEARCH_USER_PATHS = NO;
				CLANG_ANALYZER_NONNULL = YES;
				CLANG_CXX_LANGUAGE_STANDARD = "gnu++0x";
				CLANG_CXX_LIBRARY = "libc++";
				CLANG_ENABLE_MODULES = YES;
				CLANG_ENABLE_OBJC_ARC = YES;
				CLANG_WARN_BOOL_CONVERSION = YES;
				CLANG_WARN_CONSTANT_CONVERSION = YES;
				CLANG_WARN_DIRECT_OBJC_ISA_USAGE = YES_ERROR;
				CLANG_WARN_DOCUMENTATION_COMMENTS = YES;
				CLANG_WARN_EMPTY_BODY = YES;
				CLANG_WARN_ENUM_CONVERSION = YES;
				CLANG_WARN_INFINITE_RECURSION = YES;
				CLANG_WARN_INT_CONVERSION = YES;
				CLANG_WARN_OBJC_ROOT_CLASS = YES_ERROR;
				CLANG_WARN_SUSPICIOUS_MOVES = YES;
				CLANG_WARN_UNREACHABLE_CODE = YES;
				CLANG_WARN__DUPLICATE_METHOD_MATCH = YES;
				"CODE_SIGN_IDENTITY[sdk=iphoneos*]" = "iPhone Developer";
				COPY_PHASE_STRIP = NO;
				DEBUG_INFORMATION_FORMAT = dwarf;
				ENABLE_STRICT_OBJC_MSGSEND = YES;
				ENABLE_TESTABILITY = YES;
				GCC_C_LANGUAGE_STANDARD = gnu99;
				GCC_DYNAMIC_NO_PIC = NO;
				GCC_NO_COMMON_BLOCKS = YES;
				GCC_OPTIMIZATION_LEVEL = 0;
				GCC_PREPROCESSOR_DEFINITIONS = (
					"DEBUG=1",
					"$(inherited)",
				);
				GCC_WARN_64_TO_32_BIT_CONVERSION = YES;
				GCC_WARN_ABOUT_RETURN_TYPE = YES_ERROR;
				GCC_WARN_UNDECLARED_SELECTOR = YES;
				GCC_WARN_UNINITIALIZED_AUTOS = YES_AGGRESSIVE;
				GCC_WARN_UNUSED_FUNCTION = YES;
				GCC_WARN_UNUSED_VARIABLE = YES;
				IPHONEOS_DEPLOYMENT_TARGET = 10.0;
				MTL_ENABLE_DEBUG_INFO = YES;
				ONLY_ACTIVE_ARCH = YES;
				SDKROOT = iphoneos;
				SWIFT_ACTIVE_COMPILATION_CONDITIONS = DEBUG;
				SWIFT_OPTIMIZATION_LEVEL = "-Onone";
				TARGETED_DEVICE_FAMILY = "1,2";
			};
			name = Debug;
		};
		1A126EF91DB28759000A9EF3 /* Release */ = {
			isa = XCBuildConfiguration;
			buildSettings = {
				ALWAYS_SEARCH_USER_PATHS = NO;
				CLANG_ANALYZER_NONNULL = YES;
				CLANG_CXX_LANGUAGE_STANDARD = "gnu++0x";
				CLANG_CXX_LIBRARY = "libc++";
				CLANG_ENABLE_MODULES = YES;
				CLANG_ENABLE_OBJC_ARC = YES;
				CLANG_WARN_BOOL_CONVERSION = YES;
				CLANG_WARN_CONSTANT_CONVERSION = YES;
				CLANG_WARN_DIRECT_OBJC_ISA_USAGE = YES_ERROR;
				CLANG_WARN_DOCUMENTATION_COMMENTS = YES;
				CLANG_WARN_EMPTY_BODY = YES;
				CLANG_WARN_ENUM_CONVERSION = YES;
				CLANG_WARN_INFINITE_RECURSION = YES;
				CLANG_WARN_INT_CONVERSION = YES;
				CLANG_WARN_OBJC_ROOT_CLASS = YES_ERROR;
				CLANG_WARN_SUSPICIOUS_MOVES = YES;
				CLANG_WARN_UNREACHABLE_CODE = YES;
				CLANG_WARN__DUPLICATE_METHOD_MATCH = YES;
				"CODE_SIGN_IDENTITY[sdk=iphoneos*]" = "iPhone Developer";
				COPY_PHASE_STRIP = NO;
				DEBUG_INFORMATION_FORMAT = "dwarf-with-dsym";
				ENABLE_NS_ASSERTIONS = NO;
				ENABLE_STRICT_OBJC_MSGSEND = YES;
				GCC_C_LANGUAGE_STANDARD = gnu99;
				GCC_NO_COMMON_BLOCKS = YES;
				GCC_WARN_64_TO_32_BIT_CONVERSION = YES;
				GCC_WARN_ABOUT_RETURN_TYPE = YES_ERROR;
				GCC_WARN_UNDECLARED_SELECTOR = YES;
				GCC_WARN_UNINITIALIZED_AUTOS = YES_AGGRESSIVE;
				GCC_WARN_UNUSED_FUNCTION = YES;
				GCC_WARN_UNUSED_VARIABLE = YES;
				IPHONEOS_DEPLOYMENT_TARGET = 10.0;
				MTL_ENABLE_DEBUG_INFO = NO;
				SDKROOT = iphoneos;
				SWIFT_OPTIMIZATION_LEVEL = "-Owholemodule";
				TARGETED_DEVICE_FAMILY = "1,2";
				VALIDATE_PRODUCT = YES;
			};
			name = Release;
		};
		1A126EFB1DB28759000A9EF3 /* Debug */ = {
			isa = XCBuildConfiguration;
			buildSettings = {
				ASSETCATALOG_COMPILER_APPICON_NAME = AppIcon;
				INFOPLIST_FILE = CreaTuPizza/Info.plist;
				LD_RUNPATH_SEARCH_PATHS = "$(inherited) @executable_path/Frameworks";
				PRODUCT_BUNDLE_IDENTIFIER = mx.upp.CreaTuPizza;
				PRODUCT_NAME = "$(TARGET_NAME)";
				SWIFT_VERSION = 3.0;
			};
			name = Debug;
		};
		1A126EFC1DB28759000A9EF3 /* Release */ = {
			isa = XCBuildConfiguration;
			buildSettings = {
				ASSETCATALOG_COMPILER_APPICON_NAME = AppIcon;
				INFOPLIST_FILE = CreaTuPizza/Info.plist;
				LD_RUNPATH_SEARCH_PATHS = "$(inherited) @executable_path/Frameworks";
				PRODUCT_BUNDLE_IDENTIFIER = mx.upp.CreaTuPizza;
				PRODUCT_NAME = "$(TARGET_NAME)";
				SWIFT_VERSION = 3.0;
			};
			name = Release;
		};
/* End XCBuildConfiguration section */

/* Begin XCConfigurationList section */
		1A126EE31DB28758000A9EF3 /* Build configuration list for PBXProject "CreaTuPizza" */ = {
			isa = XCConfigurationList;
			buildConfigurations = (
				1A126EF81DB28759000A9EF3 /* Debug */,
				1A126EF91DB28759000A9EF3 /* Release */,
			);
			defaultConfigurationIsVisible = 0;
			defaultConfigurationName = Release;
		};
		1A126EFA1DB28759000A9EF3 /* Build configuration list for PBXNativeTarget "CreaTuPizza" */ = {
			isa = XCConfigurationList;
			buildConfigurations = (
				1A126EFB1DB28759000A9EF3 /* Debug */,
				1A126EFC1DB28759000A9EF3 /* Release */,
			);
			defaultConfigurationIsVisible = 0;
		};
/* End XCConfigurationList section */
	};
	rootObject = 1A126EE01DB28758000A9EF3 /* Project object */;
}
